{
  "version": 4,
  "terraform_version": "1.4.6",
  "serial": 4,
  "lineage": "e65e9879-c89e-2e2e-ca28-866b10b006bc",
  "outputs": {},
  "resources": [
    {
      "mode": "managed",
      "type": "azurerm_resource_group",
      "name": "resource1",
      "provider": "provider[\"registry.terraform.io/hashicorp/azurerm\"]",
      "instances": [
        {
          "schema_version": 0,
          "attributes": {
            "id": "/subscriptions/80ea84e8-afce-4851-928a-9e2219724c69/resourceGroups/1-c57f7fa3-playground-sandbox",
            "location": "westus",
            "name": "1-c57f7fa3-playground-sandbox",
            "tags": {},
            "timeouts": null
          },
          "sensitive_attributes": [],
          "private": "eyJlMmJmYjczMC1lY2FhLTExZTYtOGY4OC0zNDM2M2JjN2M0YzAiOnsiY3JlYXRlIjo1NDAwMDAwMDAwMDAwLCJkZWxldGUiOjU0MDAwMDAwMDAwMDAsInJlYWQiOjMwMDAwMDAwMDAwMCwidXBkYXRlIjo1NDAwMDAwMDAwMDAwfSwic2NoZW1hX3ZlcnNpb24iOiIwIn0="
        }
      ]
    },
    {
      "mode": "managed",
      "type": "azurerm_storage_account",
      "name": "storage",
      "provider": "provider[\"registry.terraform.io/hashicorp/azurerm\"]",
      "instances": [
        {
          "schema_version": 3,
          "attributes": {
            "access_tier": "Hot",
            "account_kind": "StorageV2",
            "account_replication_type": "LRS",
            "account_tier": "Standard",
            "allow_nested_items_to_be_public": true,
            "allowed_copy_scope": "",
            "azure_files_authentication": [],
            "blob_properties": [
              {
                "change_feed_enabled": false,
                "change_feed_retention_in_days": 0,
                "container_delete_retention_policy": [],
                "cors_rule": [],
                "default_service_version": "",
                "delete_retention_policy": [],
                "last_access_time_enabled": false,
                "restore_policy": [],
                "versioning_enabled": false
              }
            ],
            "cross_tenant_replication_enabled": true,
            "custom_domain": [],
            "customer_managed_key": [],
            "default_to_oauth_authentication": false,
            "edge_zone": "",
            "enable_https_traffic_only": true,
            "id": "/subscriptions/80ea84e8-afce-4851-928a-9e2219724c69/resourceGroups/1-c57f7fa3-playground-sandbox/providers/Microsoft.Storage/storageAccounts/dk29kapse",
            "identity": [],
            "immutability_policy": [],
            "infrastructure_encryption_enabled": false,
            "is_hns_enabled": false,
            "large_file_share_enabled": null,
            "location": "westus",
            "min_tls_version": "TLS1_2",
            "name": "dk29kapse",
            "network_rules": [
              {
                "bypass": [
                  "AzureServices"
                ],
                "default_action": "Allow",
                "ip_rules": [],
                "private_link_access": [],
                "virtual_network_subnet_ids": []
              }
            ],
            "nfsv3_enabled": false,
            "primary_access_key": "4ZDrvQv3o1SBlsxjeMkcBmzTdL+orZEjD7+HRLsuTBCsArH21XnzL0EiJ4oqURPGQaOsPXR/2sMl+AStsE6Wxg==",
            "primary_blob_connection_string": "DefaultEndpointsProtocol=https;BlobEndpoint=https://dk29kapse.blob.core.windows.net/;AccountName=dk29kapse;AccountKey=4ZDrvQv3o1SBlsxjeMkcBmzTdL+orZEjD7+HRLsuTBCsArH21XnzL0EiJ4oqURPGQaOsPXR/2sMl+AStsE6Wxg==",
            "primary_blob_endpoint": "https://dk29kapse.blob.core.windows.net/",
            "primary_blob_host": "dk29kapse.blob.core.windows.net",
            "primary_connection_string": "DefaultEndpointsProtocol=https;AccountName=dk29kapse;AccountKey=4ZDrvQv3o1SBlsxjeMkcBmzTdL+orZEjD7+HRLsuTBCsArH21XnzL0EiJ4oqURPGQaOsPXR/2sMl+AStsE6Wxg==;EndpointSuffix=core.windows.net",
            "primary_dfs_endpoint": "https://dk29kapse.dfs.core.windows.net/",
            "primary_dfs_host": "dk29kapse.dfs.core.windows.net",
            "primary_file_endpoint": "https://dk29kapse.file.core.windows.net/",
            "primary_file_host": "dk29kapse.file.core.windows.net",
            "primary_location": "westus",
            "primary_queue_endpoint": "https://dk29kapse.queue.core.windows.net/",
            "primary_queue_host": "dk29kapse.queue.core.windows.net",
            "primary_table_endpoint": "https://dk29kapse.table.core.windows.net/",
            "primary_table_host": "dk29kapse.table.core.windows.net",
            "primary_web_endpoint": "https://dk29kapse.z22.web.core.windows.net/",
            "primary_web_host": "dk29kapse.z22.web.core.windows.net",
            "public_network_access_enabled": true,
            "queue_encryption_key_type": "Service",
            "queue_properties": [
              {
                "cors_rule": [],
                "hour_metrics": [
                  {
                    "enabled": true,
                    "include_apis": true,
                    "retention_policy_days": 7,
                    "version": "1.0"
                  }
                ],
                "logging": [
                  {
                    "delete": false,
                    "read": false,
                    "retention_policy_days": 0,
                    "version": "1.0",
                    "write": false
                  }
                ],
                "minute_metrics": [
                  {
                    "enabled": false,
                    "include_apis": false,
                    "retention_policy_days": 0,
                    "version": "1.0"
                  }
                ]
              }
            ],
            "resource_group_name": "1-c57f7fa3-playground-sandbox",
            "routing": [],
            "sas_policy": [],
            "secondary_access_key": "iHjWAGiLiUbyTqK221QuFQK3ZbR5+8jdfGe6adJub53116GoKvBRXWUeE5hXyaK+2k9zpwEuLlxV+ASt2LXokA==",
            "secondary_blob_connection_string": "",
            "secondary_blob_endpoint": null,
            "secondary_blob_host": null,
            "secondary_connection_string": "DefaultEndpointsProtocol=https;AccountName=dk29kapse;AccountKey=iHjWAGiLiUbyTqK221QuFQK3ZbR5+8jdfGe6adJub53116GoKvBRXWUeE5hXyaK+2k9zpwEuLlxV+ASt2LXokA==;EndpointSuffix=core.windows.net",
            "secondary_dfs_endpoint": null,
            "secondary_dfs_host": null,
            "secondary_file_endpoint": null,
            "secondary_file_host": null,
            "secondary_location": "",
            "secondary_queue_endpoint": null,
            "secondary_queue_host": null,
            "secondary_table_endpoint": null,
            "secondary_table_host": null,
            "secondary_web_endpoint": null,
            "secondary_web_host": null,
            "sftp_enabled": false,
            "share_properties": [
              {
                "cors_rule": [],
                "retention_policy": [
                  {
                    "days": 7
                  }
                ],
                "smb": []
              }
            ],
            "shared_access_key_enabled": true,
            "static_website": [],
            "table_encryption_key_type": "Service",
            "tags": null,
            "timeouts": null
          },
          "sensitive_attributes": [],
          "private": "eyJlMmJmYjczMC1lY2FhLTExZTYtOGY4OC0zNDM2M2JjN2M0YzAiOnsiY3JlYXRlIjozNjAwMDAwMDAwMDAwLCJkZWxldGUiOjM2MDAwMDAwMDAwMDAsInJlYWQiOjMwMDAwMDAwMDAwMCwidXBkYXRlIjozNjAwMDAwMDAwMDAwfSwic2NoZW1hX3ZlcnNpb24iOiIzIn0=",
          "dependencies": [
            "azurerm_resource_group.resource1"
          ]
        }
      ]
    }
  ],
  "check_results": null
}
