{
  "version": 4,
  "terraform_version": "1.4.6",
  "serial": 13,
  "lineage": "67f44e25-621b-d8ce-e28f-f37c1810f238",
  "outputs": {},
  "resources": [
    {
      "mode": "data",
      "type": "azurerm_subnet",
      "name": "subnetA",
      "provider": "provider[\"registry.terraform.io/hashicorp/azurerm\"]",
      "instances": [
        {
          "schema_version": 0,
          "attributes": {
            "address_prefix": "10.0.1.0/24",
            "address_prefixes": [
              "10.0.1.0/24"
            ],
            "enforce_private_link_endpoint_network_policies": true,
            "enforce_private_link_service_network_policies": false,
            "id": "/subscriptions/2213e8b1-dbc7-4d54-8aff-b5e315df5e5b/resourceGroups/1-3b6f50bc-playground-sandbox/providers/Microsoft.Network/virtualNetworks/sandbox-vmnet/subnets/subnet1",
            "name": "subnet1",
            "network_security_group_id": "",
            "private_endpoint_network_policies_enabled": false,
            "private_link_service_network_policies_enabled": true,
            "resource_group_name": "1-3b6f50bc-playground-sandbox",
            "route_table_id": "",
            "service_endpoints": [],
            "timeouts": null,
            "virtual_network_name": "sandbox-vmnet"
          },
          "sensitive_attributes": []
        }
      ]
    },
    {
      "mode": "managed",
      "type": "azurerm_linux_virtual_machine",
      "name": "Os",
      "provider": "provider[\"registry.terraform.io/hashicorp/azurerm\"]",
      "instances": [
        {
          "schema_version": 0,
          "attributes": {
            "additional_capabilities": [],
            "admin_password": "Azure@12345",
            "admin_ssh_key": [],
            "admin_username": "deepak",
            "allow_extension_operations": true,
            "availability_set_id": "",
            "boot_diagnostics": [],
            "capacity_reservation_group_id": "",
            "computer_name": "vm-machine",
            "custom_data": null,
            "dedicated_host_group_id": "",
            "dedicated_host_id": "",
            "disable_password_authentication": false,
            "edge_zone": "",
            "encryption_at_host_enabled": false,
            "eviction_policy": "",
            "extensions_time_budget": "PT1H30M",
            "gallery_application": [],
            "id": "/subscriptions/2213e8b1-dbc7-4d54-8aff-b5e315df5e5b/resourceGroups/1-3b6f50bc-playground-sandbox/providers/Microsoft.Compute/virtualMachines/vm-machine",
            "identity": [],
            "license_type": "",
            "location": "southcentralus",
            "max_bid_price": -1,
            "name": "vm-machine",
            "network_interface_ids": [
              "/subscriptions/2213e8b1-dbc7-4d54-8aff-b5e315df5e5b/resourceGroups/1-3b6f50bc-playground-sandbox/providers/Microsoft.Network/networkInterfaces/vm-nic"
            ],
            "os_disk": [
              {
                "caching": "ReadWrite",
                "diff_disk_settings": [],
                "disk_encryption_set_id": "",
                "disk_size_gb": 30,
                "name": "vm-machine_OsDisk_1_54b8de7376c946faa9349cae6690160d",
                "secure_vm_disk_encryption_set_id": "",
                "security_encryption_type": "",
                "storage_account_type": "Standard_LRS",
                "write_accelerator_enabled": false
              }
            ],
            "patch_assessment_mode": "ImageDefault",
            "patch_mode": "ImageDefault",
            "plan": [],
            "platform_fault_domain": -1,
            "priority": "Regular",
            "private_ip_address": "10.0.1.4",
            "private_ip_addresses": [
              "10.0.1.4"
            ],
            "provision_vm_agent": true,
            "proximity_placement_group_id": "",
            "public_ip_address": "",
            "public_ip_addresses": [],
            "resource_group_name": "1-3b6f50bc-playground-sandbox",
            "secret": [],
            "secure_boot_enabled": false,
            "size": "Standard_D2s_v3",
            "source_image_id": "",
            "source_image_reference": [
              {
                "offer": "0001-com-ubuntu-server-focal",
                "publisher": "Canonical",
                "sku": "20_04-lts-gen2",
                "version": "latest"
              }
            ],
            "tags": null,
            "termination_notification": null,
            "timeouts": null,
            "user_data": "",
            "virtual_machine_id": "3da3d8e3-bc1f-44b3-9538-423171aa286d",
            "virtual_machine_scale_set_id": "",
            "vtpm_enabled": false,
            "zone": ""
          },
          "sensitive_attributes": [],
          "private": "eyJlMmJmYjczMC1lY2FhLTExZTYtOGY4OC0zNDM2M2JjN2M0YzAiOnsiY3JlYXRlIjoyNzAwMDAwMDAwMDAwLCJkZWxldGUiOjI3MDAwMDAwMDAwMDAsInJlYWQiOjMwMDAwMDAwMDAwMCwidXBkYXRlIjoyNzAwMDAwMDAwMDAwfX0=",
          "dependencies": [
            "azurerm_network_interface.networkinterface"
          ]
        }
      ]
    },
    {
      "mode": "managed",
      "type": "azurerm_network_interface",
      "name": "networkinterface",
      "provider": "provider[\"registry.terraform.io/hashicorp/azurerm\"]",
      "instances": [
        {
          "schema_version": 0,
          "attributes": {
            "applied_dns_servers": [],
            "dns_servers": [],
            "edge_zone": "",
            "enable_accelerated_networking": false,
            "enable_ip_forwarding": false,
            "id": "/subscriptions/2213e8b1-dbc7-4d54-8aff-b5e315df5e5b/resourceGroups/1-3b6f50bc-playground-sandbox/providers/Microsoft.Network/networkInterfaces/vm-nic",
            "internal_dns_name_label": "",
            "internal_domain_name_suffix": "bzzxnczzu55epjlxj5ghwtsjqh.jx.internal.cloudapp.net",
            "ip_configuration": [
              {
                "gateway_load_balancer_frontend_ip_configuration_id": "",
                "name": "internal",
                "primary": true,
                "private_ip_address": "10.0.1.4",
                "private_ip_address_allocation": "Dynamic",
                "private_ip_address_version": "IPv4",
                "public_ip_address_id": "",
                "subnet_id": "/subscriptions/2213e8b1-dbc7-4d54-8aff-b5e315df5e5b/resourceGroups/1-3b6f50bc-playground-sandbox/providers/Microsoft.Network/virtualNetworks/sandbox-vmnet/subnets/subnet1"
              }
            ],
            "location": "southcentralus",
            "mac_address": "",
            "name": "vm-nic",
            "private_ip_address": "10.0.1.4",
            "private_ip_addresses": [
              "10.0.1.4"
            ],
            "resource_group_name": "1-3b6f50bc-playground-sandbox",
            "tags": {},
            "timeouts": null,
            "virtual_machine_id": ""
          },
          "sensitive_attributes": [],
          "private": "eyJlMmJmYjczMC1lY2FhLTExZTYtOGY4OC0zNDM2M2JjN2M0YzAiOnsiY3JlYXRlIjoxODAwMDAwMDAwMDAwLCJkZWxldGUiOjE4MDAwMDAwMDAwMDAsInJlYWQiOjMwMDAwMDAwMDAwMCwidXBkYXRlIjoxODAwMDAwMDAwMDAwfX0=",
          "dependencies": [
            "azurerm_resource_group.resource1",
            "azurerm_virtual_network.vmnet",
            "data.azurerm_subnet.subnetA"
          ]
        }
      ]
    },
    {
      "mode": "managed",
      "type": "azurerm_resource_group",
      "name": "resource1",
      "provider": "provider[\"registry.terraform.io/hashicorp/azurerm\"]",
      "instances": [
        {
          "schema_version": 0,
          "attributes": {
            "id": "/subscriptions/2213e8b1-dbc7-4d54-8aff-b5e315df5e5b/resourceGroups/1-3b6f50bc-playground-sandbox",
            "location": "southcentralus",
            "name": "1-3b6f50bc-playground-sandbox",
            "tags": {},
            "timeouts": null
          },
          "sensitive_attributes": [],
          "private": "eyJlMmJmYjczMC1lY2FhLTExZTYtOGY4OC0zNDM2M2JjN2M0YzAiOnsiY3JlYXRlIjo1NDAwMDAwMDAwMDAwLCJkZWxldGUiOjU0MDAwMDAwMDAwMDAsInJlYWQiOjMwMDAwMDAwMDAwMCwidXBkYXRlIjo1NDAwMDAwMDAwMDAwfSwic2NoZW1hX3ZlcnNpb24iOiIwIn0="
        }
      ]
    },
    {
      "mode": "managed",
      "type": "azurerm_storage_account",
      "name": "storage_account",
      "provider": "provider[\"registry.terraform.io/hashicorp/azurerm\"]",
      "instances": [
        {
          "schema_version": 3,
          "attributes": {
            "access_tier": "Hot",
            "account_kind": "StorageV2",
            "account_replication_type": "LRS",
            "account_tier": "Standard",
            "allow_nested_items_to_be_public": true,
            "allowed_copy_scope": "",
            "azure_files_authentication": [],
            "blob_properties": [
              {
                "change_feed_enabled": false,
                "change_feed_retention_in_days": 0,
                "container_delete_retention_policy": [],
                "cors_rule": [],
                "default_service_version": "",
                "delete_retention_policy": [],
                "last_access_time_enabled": false,
                "restore_policy": [],
                "versioning_enabled": false
              }
            ],
            "cross_tenant_replication_enabled": true,
            "custom_domain": [],
            "customer_managed_key": [],
            "default_to_oauth_authentication": false,
            "edge_zone": "",
            "enable_https_traffic_only": true,
            "id": "/subscriptions/2213e8b1-dbc7-4d54-8aff-b5e315df5e5b/resourceGroups/1-3b6f50bc-playground-sandbox/providers/Microsoft.Storage/storageAccounts/terraformstore30",
            "identity": [],
            "immutability_policy": [],
            "infrastructure_encryption_enabled": false,
            "is_hns_enabled": false,
            "large_file_share_enabled": null,
            "location": "southcentralus",
            "min_tls_version": "TLS1_2",
            "name": "terraformstore30",
            "network_rules": [
              {
                "bypass": [
                  "AzureServices"
                ],
                "default_action": "Allow",
                "ip_rules": [],
                "private_link_access": [],
                "virtual_network_subnet_ids": []
              }
            ],
            "nfsv3_enabled": false,
            "primary_access_key": "ggm7VNbkLZHdsvP2iVmTwKQ6Dh3oA+XacwQbOzvvMFT1elJUu0yKNnoevRG4AVBcBFQeG+4rr7le+ASt9B3ibQ==",
            "primary_blob_connection_string": "DefaultEndpointsProtocol=https;BlobEndpoint=https://terraformstore30.blob.core.windows.net/;AccountName=terraformstore30;AccountKey=ggm7VNbkLZHdsvP2iVmTwKQ6Dh3oA+XacwQbOzvvMFT1elJUu0yKNnoevRG4AVBcBFQeG+4rr7le+ASt9B3ibQ==",
            "primary_blob_endpoint": "https://terraformstore30.blob.core.windows.net/",
            "primary_blob_host": "terraformstore30.blob.core.windows.net",
            "primary_connection_string": "DefaultEndpointsProtocol=https;AccountName=terraformstore30;AccountKey=ggm7VNbkLZHdsvP2iVmTwKQ6Dh3oA+XacwQbOzvvMFT1elJUu0yKNnoevRG4AVBcBFQeG+4rr7le+ASt9B3ibQ==;EndpointSuffix=core.windows.net",
            "primary_dfs_endpoint": "https://terraformstore30.dfs.core.windows.net/",
            "primary_dfs_host": "terraformstore30.dfs.core.windows.net",
            "primary_file_endpoint": "https://terraformstore30.file.core.windows.net/",
            "primary_file_host": "terraformstore30.file.core.windows.net",
            "primary_location": "southcentralus",
            "primary_queue_endpoint": "https://terraformstore30.queue.core.windows.net/",
            "primary_queue_host": "terraformstore30.queue.core.windows.net",
            "primary_table_endpoint": "https://terraformstore30.table.core.windows.net/",
            "primary_table_host": "terraformstore30.table.core.windows.net",
            "primary_web_endpoint": "https://terraformstore30.z21.web.core.windows.net/",
            "primary_web_host": "terraformstore30.z21.web.core.windows.net",
            "public_network_access_enabled": true,
            "queue_encryption_key_type": "Service",
            "queue_properties": [
              {
                "cors_rule": [],
                "hour_metrics": [
                  {
                    "enabled": true,
                    "include_apis": true,
                    "retention_policy_days": 7,
                    "version": "1.0"
                  }
                ],
                "logging": [
                  {
                    "delete": false,
                    "read": false,
                    "retention_policy_days": 0,
                    "version": "1.0",
                    "write": false
                  }
                ],
                "minute_metrics": [
                  {
                    "enabled": false,
                    "include_apis": false,
                    "retention_policy_days": 0,
                    "version": "1.0"
                  }
                ]
              }
            ],
            "resource_group_name": "1-3b6f50bc-playground-sandbox",
            "routing": [],
            "sas_policy": [],
            "secondary_access_key": "WP+MNZODRTo+6yMHImIlmfQz9v+/Cs98LAfuQms+T/iB8Tg3ZcQ2Lc6yREgM8dZ94AuuEfsgfJWD+ASt7PBHbg==",
            "secondary_blob_connection_string": "",
            "secondary_blob_endpoint": null,
            "secondary_blob_host": null,
            "secondary_connection_string": "DefaultEndpointsProtocol=https;AccountName=terraformstore30;AccountKey=WP+MNZODRTo+6yMHImIlmfQz9v+/Cs98LAfuQms+T/iB8Tg3ZcQ2Lc6yREgM8dZ94AuuEfsgfJWD+ASt7PBHbg==;EndpointSuffix=core.windows.net",
            "secondary_dfs_endpoint": null,
            "secondary_dfs_host": null,
            "secondary_file_endpoint": null,
            "secondary_file_host": null,
            "secondary_location": "",
            "secondary_queue_endpoint": null,
            "secondary_queue_host": null,
            "secondary_table_endpoint": null,
            "secondary_table_host": null,
            "secondary_web_endpoint": null,
            "secondary_web_host": null,
            "sftp_enabled": false,
            "share_properties": [
              {
                "cors_rule": [],
                "retention_policy": [
                  {
                    "days": 7
                  }
                ],
                "smb": []
              }
            ],
            "shared_access_key_enabled": true,
            "static_website": [],
            "table_encryption_key_type": "Service",
            "tags": {},
            "timeouts": null
          },
          "sensitive_attributes": [],
          "private": "eyJlMmJmYjczMC1lY2FhLTExZTYtOGY4OC0zNDM2M2JjN2M0YzAiOnsiY3JlYXRlIjozNjAwMDAwMDAwMDAwLCJkZWxldGUiOjM2MDAwMDAwMDAwMDAsInJlYWQiOjMwMDAwMDAwMDAwMCwidXBkYXRlIjozNjAwMDAwMDAwMDAwfSwic2NoZW1hX3ZlcnNpb24iOiIzIn0=",
          "dependencies": [
            "azurerm_resource_group.resource1"
          ]
        }
      ]
    },
    {
      "mode": "managed",
      "type": "azurerm_storage_blob",
      "name": "blob1",
      "provider": "provider[\"registry.terraform.io/hashicorp/azurerm\"]",
      "instances": [
        {
          "schema_version": 1,
          "attributes": {
            "access_tier": "Hot",
            "cache_control": "",
            "content_md5": "",
            "content_type": "application/octet-stream",
            "id": "https://terraformstore30.blob.core.windows.net/data/sample1.txt",
            "metadata": {},
            "name": "sample1.txt",
            "parallelism": 8,
            "size": 0,
            "source": "sample.txt",
            "source_content": null,
            "source_uri": null,
            "storage_account_name": "terraformstore30",
            "storage_container_name": "data",
            "timeouts": null,
            "type": "Block",
            "url": "https://terraformstore30.blob.core.windows.net/data/sample1.txt"
          },
          "sensitive_attributes": [],
          "private": "eyJlMmJmYjczMC1lY2FhLTExZTYtOGY4OC0zNDM2M2JjN2M0YzAiOnsiY3JlYXRlIjoxODAwMDAwMDAwMDAwLCJkZWxldGUiOjE4MDAwMDAwMDAwMDAsInJlYWQiOjMwMDAwMDAwMDAwMCwidXBkYXRlIjoxODAwMDAwMDAwMDAwfSwic2NoZW1hX3ZlcnNpb24iOiIxIn0=",
          "dependencies": [
            "azurerm_resource_group.resource1",
            "azurerm_storage_account.storage_account",
            "azurerm_storage_container.container1"
          ]
        }
      ]
    },
    {
      "mode": "managed",
      "type": "azurerm_storage_container",
      "name": "container1",
      "provider": "provider[\"registry.terraform.io/hashicorp/azurerm\"]",
      "instances": [
        {
          "schema_version": 1,
          "attributes": {
            "container_access_type": "blob",
            "has_immutability_policy": false,
            "has_legal_hold": false,
            "id": "https://terraformstore30.blob.core.windows.net/data",
            "metadata": {},
            "name": "data",
            "resource_manager_id": "/subscriptions/2213e8b1-dbc7-4d54-8aff-b5e315df5e5b/resourceGroups/1-3b6f50bc-playground-sandbox/providers/Microsoft.Storage/storageAccounts/terraformstore30/blobServices/default/containers/data",
            "storage_account_name": "terraformstore30",
            "timeouts": null
          },
          "sensitive_attributes": [],
          "private": "eyJlMmJmYjczMC1lY2FhLTExZTYtOGY4OC0zNDM2M2JjN2M0YzAiOnsiY3JlYXRlIjoxODAwMDAwMDAwMDAwLCJkZWxldGUiOjE4MDAwMDAwMDAwMDAsInJlYWQiOjMwMDAwMDAwMDAwMCwidXBkYXRlIjoxODAwMDAwMDAwMDAwfSwic2NoZW1hX3ZlcnNpb24iOiIxIn0=",
          "dependencies": [
            "azurerm_resource_group.resource1",
            "azurerm_storage_account.storage_account"
          ]
        }
      ]
    },
    {
      "mode": "managed",
      "type": "azurerm_virtual_network",
      "name": "vmnet",
      "provider": "provider[\"registry.terraform.io/hashicorp/azurerm\"]",
      "instances": [
        {
          "schema_version": 0,
          "attributes": {
            "address_space": [
              "10.0.0.0/16"
            ],
            "bgp_community": "",
            "ddos_protection_plan": [],
            "dns_servers": [],
            "edge_zone": "",
            "flow_timeout_in_minutes": 0,
            "guid": "8b76730e-a739-47fe-a577-4fcc7b4e4987",
            "id": "/subscriptions/2213e8b1-dbc7-4d54-8aff-b5e315df5e5b/resourceGroups/1-3b6f50bc-playground-sandbox/providers/Microsoft.Network/virtualNetworks/sandbox-vmnet",
            "location": "southcentralus",
            "name": "sandbox-vmnet",
            "resource_group_name": "1-3b6f50bc-playground-sandbox",
            "subnet": [
              {
                "address_prefix": "10.0.1.0/24",
                "id": "/subscriptions/2213e8b1-dbc7-4d54-8aff-b5e315df5e5b/resourceGroups/1-3b6f50bc-playground-sandbox/providers/Microsoft.Network/virtualNetworks/sandbox-vmnet/subnets/subnet1",
                "name": "subnet1",
                "security_group": ""
              }
            ],
            "tags": {
              "environment": "Test"
            },
            "timeouts": null
          },
          "sensitive_attributes": [],
          "private": "eyJlMmJmYjczMC1lY2FhLTExZTYtOGY4OC0zNDM2M2JjN2M0YzAiOnsiY3JlYXRlIjoxODAwMDAwMDAwMDAwLCJkZWxldGUiOjE4MDAwMDAwMDAwMDAsInJlYWQiOjMwMDAwMDAwMDAwMCwidXBkYXRlIjoxODAwMDAwMDAwMDAwfX0=",
          "dependencies": [
            "azurerm_resource_group.resource1"
          ]
        }
      ]
    }
  ],
  "check_results": null
}
