{
  "version": 4,
  "terraform_version": "1.4.6",
  "serial": 16,
  "lineage": "6f159346-a564-d17e-fa8f-b21bd9e8a9c1",
  "outputs": {
    "database_id": {
      "value": "/subscriptions/80ea84e8-afce-4851-928a-9e2219724c69/resourceGroups/1-6dc8e9ef-playground-sandbox/providers/Microsoft.Sql/servers/appserver2908/databases/appdb1",
      "type": "string"
    },
    "weburl": {
      "value": "https://windows-web-app29.azurewebsites.net",
      "type": "string"
    }
  },
  "resources": [
    {
      "mode": "managed",
      "type": "azurerm_mssql_database",
      "name": "app_db",
      "provider": "provider[\"registry.terraform.io/hashicorp/azurerm\"]",
      "instances": [
        {
          "schema_version": 1,
          "attributes": {
            "auto_pause_delay_in_minutes": 0,
            "collation": "SQL_Latin1_General_CP1_CI_AS",
            "create_mode": "Default",
            "creation_source_database_id": null,
            "elastic_pool_id": "",
            "geo_backup_enabled": true,
            "id": "/subscriptions/80ea84e8-afce-4851-928a-9e2219724c69/resourceGroups/1-6dc8e9ef-playground-sandbox/providers/Microsoft.Sql/servers/appserver2908/databases/appdb1",
            "import": [],
            "ledger_enabled": false,
            "license_type": "LicenseIncluded",
            "long_term_retention_policy": [
              {
                "monthly_retention": "PT0S",
                "week_of_year": 1,
                "weekly_retention": "PT0S",
                "yearly_retention": "PT0S"
              }
            ],
            "maintenance_configuration_name": "SQL_Default",
            "max_size_gb": 5,
            "min_capacity": 0,
            "name": "appdb1",
            "read_replica_count": 0,
            "read_scale": false,
            "recover_database_id": null,
            "restore_dropped_database_id": null,
            "restore_point_in_time": null,
            "sample_name": null,
            "server_id": "/subscriptions/80ea84e8-afce-4851-928a-9e2219724c69/resourceGroups/1-6dc8e9ef-playground-sandbox/providers/Microsoft.Sql/servers/appserver2908",
            "short_term_retention_policy": [
              {
                "backup_interval_in_hours": 12,
                "retention_days": 7
              }
            ],
            "sku_name": "GP_Gen5_2",
            "storage_account_type": "Geo",
            "tags": {
              "Environment": "Test",
              "Project": "MyApp"
            },
            "threat_detection_policy": [
              {
                "disabled_alerts": [],
                "email_account_admins": "Disabled",
                "email_addresses": [],
                "retention_days": 0,
                "state": "Disabled",
                "storage_account_access_key": "",
                "storage_endpoint": ""
              }
            ],
            "timeouts": null,
            "transparent_data_encryption_enabled": true,
            "zone_redundant": false
          },
          "sensitive_attributes": [],
          "private": "eyJlMmJmYjczMC1lY2FhLTExZTYtOGY4OC0zNDM2M2JjN2M0YzAiOnsiY3JlYXRlIjozNjAwMDAwMDAwMDAwLCJkZWxldGUiOjM2MDAwMDAwMDAwMDAsInJlYWQiOjMwMDAwMDAwMDAwMCwidXBkYXRlIjozNjAwMDAwMDAwMDAwfSwic2NoZW1hX3ZlcnNpb24iOiIxIn0=",
          "dependencies": [
            "azurerm_mssql_server.app_server",
            "azurerm_resource_group.resource1"
          ]
        }
      ]
    },
    {
      "mode": "managed",
      "type": "azurerm_mssql_firewall_rule",
      "name": "firewall1",
      "provider": "provider[\"registry.terraform.io/hashicorp/azurerm\"]",
      "instances": [
        {
          "schema_version": 0,
          "attributes": {
            "end_ip_address": "203.192.241.91",
            "id": "/subscriptions/80ea84e8-afce-4851-928a-9e2219724c69/resourceGroups/1-6dc8e9ef-playground-sandbox/providers/Microsoft.Sql/servers/appserver2908/firewallRules/FirewallRule1",
            "name": "FirewallRule1",
            "server_id": "/subscriptions/80ea84e8-afce-4851-928a-9e2219724c69/resourceGroups/1-6dc8e9ef-playground-sandbox/providers/Microsoft.Sql/servers/appserver2908",
            "start_ip_address": "203.192.241.91",
            "timeouts": null
          },
          "sensitive_attributes": [],
          "private": "eyJlMmJmYjczMC1lY2FhLTExZTYtOGY4OC0zNDM2M2JjN2M0YzAiOnsiY3JlYXRlIjoxODAwMDAwMDAwMDAwLCJkZWxldGUiOjE4MDAwMDAwMDAwMDAsInJlYWQiOjMwMDAwMDAwMDAwMCwidXBkYXRlIjoxODAwMDAwMDAwMDAwfX0=",
          "dependencies": [
            "azurerm_mssql_server.app_server",
            "azurerm_resource_group.resource1"
          ]
        }
      ]
    },
    {
      "mode": "managed",
      "type": "azurerm_mssql_server",
      "name": "app_server",
      "provider": "provider[\"registry.terraform.io/hashicorp/azurerm\"]",
      "instances": [
        {
          "schema_version": 0,
          "attributes": {
            "administrator_login": "sqladmin",
            "administrator_login_password": "SQL@1234",
            "azuread_administrator": [],
            "connection_policy": "Default",
            "fully_qualified_domain_name": "appserver2908.database.windows.net",
            "id": "/subscriptions/80ea84e8-afce-4851-928a-9e2219724c69/resourceGroups/1-6dc8e9ef-playground-sandbox/providers/Microsoft.Sql/servers/appserver2908",
            "identity": [],
            "location": "westus",
            "minimum_tls_version": "1.2",
            "name": "appserver2908",
            "outbound_network_restriction_enabled": false,
            "primary_user_assigned_identity_id": "",
            "public_network_access_enabled": true,
            "resource_group_name": "1-6dc8e9ef-playground-sandbox",
            "restorable_dropped_database_ids": [],
            "tags": {},
            "timeouts": null,
            "transparent_data_encryption_key_vault_key_id": "",
            "version": "12.0"
          },
          "sensitive_attributes": [],
          "private": "eyJlMmJmYjczMC1lY2FhLTExZTYtOGY4OC0zNDM2M2JjN2M0YzAiOnsiY3JlYXRlIjozNjAwMDAwMDAwMDAwLCJkZWxldGUiOjM2MDAwMDAwMDAwMDAsInJlYWQiOjMwMDAwMDAwMDAwMCwidXBkYXRlIjozNjAwMDAwMDAwMDAwfX0=",
          "dependencies": [
            "azurerm_resource_group.resource1"
          ]
        }
      ]
    },
    {
      "mode": "managed",
      "type": "azurerm_resource_group",
      "name": "resource1",
      "provider": "provider[\"registry.terraform.io/hashicorp/azurerm\"]",
      "instances": [
        {
          "schema_version": 0,
          "attributes": {
            "id": "/subscriptions/80ea84e8-afce-4851-928a-9e2219724c69/resourceGroups/1-6dc8e9ef-playground-sandbox",
            "location": "westus",
            "name": "1-6dc8e9ef-playground-sandbox",
            "tags": {},
            "timeouts": null
          },
          "sensitive_attributes": [],
          "private": "eyJlMmJmYjczMC1lY2FhLTExZTYtOGY4OC0zNDM2M2JjN2M0YzAiOnsiY3JlYXRlIjo1NDAwMDAwMDAwMDAwLCJkZWxldGUiOjU0MDAwMDAwMDAwMDAsInJlYWQiOjMwMDAwMDAwMDAwMCwidXBkYXRlIjo1NDAwMDAwMDAwMDAwfSwic2NoZW1hX3ZlcnNpb24iOiIwIn0="
        }
      ]
    },
    {
      "mode": "managed",
      "type": "azurerm_service_plan",
      "name": "appserviceplan",
      "provider": "provider[\"registry.terraform.io/hashicorp/azurerm\"]",
      "instances": [
        {
          "schema_version": 0,
          "attributes": {
            "app_service_environment_id": "",
            "id": "/subscriptions/80ea84e8-afce-4851-928a-9e2219724c69/resourceGroups/1-6dc8e9ef-playground-sandbox/providers/Microsoft.Web/serverfarms/appservice-plan",
            "kind": "app",
            "location": "westus",
            "maximum_elastic_worker_count": 1,
            "name": "appservice-plan",
            "os_type": "Windows",
            "per_site_scaling_enabled": false,
            "reserved": false,
            "resource_group_name": "1-6dc8e9ef-playground-sandbox",
            "sku_name": "B1",
            "tags": {},
            "timeouts": null,
            "worker_count": 1,
            "zone_balancing_enabled": false
          },
          "sensitive_attributes": [],
          "private": "eyJlMmJmYjczMC1lY2FhLTExZTYtOGY4OC0zNDM2M2JjN2M0YzAiOnsiY3JlYXRlIjozNjAwMDAwMDAwMDAwLCJkZWxldGUiOjM2MDAwMDAwMDAwMDAsInJlYWQiOjMwMDAwMDAwMDAwMCwidXBkYXRlIjozNjAwMDAwMDAwMDAwfX0=",
          "dependencies": [
            "azurerm_resource_group.resource1"
          ]
        }
      ]
    },
    {
      "mode": "managed",
      "type": "azurerm_windows_web_app",
      "name": "webapp",
      "provider": "provider[\"registry.terraform.io/hashicorp/azurerm\"]",
      "instances": [
        {
          "schema_version": 0,
          "attributes": {
            "app_settings": {},
            "auth_settings": [],
            "auth_settings_v2": [],
            "backup": [],
            "client_affinity_enabled": false,
            "client_certificate_enabled": false,
            "client_certificate_exclusion_paths": "",
            "client_certificate_mode": "Required",
            "connection_string": [],
            "custom_domain_verification_id": "6B647559AEA509C1FF3BD7D8886C8B729E1BA4E88AC437B2068A9960C4604AA5",
            "default_hostname": "windows-web-app29.azurewebsites.net",
            "enabled": true,
            "hosting_environment_id": "",
            "https_only": false,
            "id": "/subscriptions/80ea84e8-afce-4851-928a-9e2219724c69/resourceGroups/1-6dc8e9ef-playground-sandbox/providers/Microsoft.Web/sites/windows-web-app29",
            "identity": [],
            "key_vault_reference_identity_id": "SystemAssigned",
            "kind": "app",
            "location": "westus",
            "logs": [],
            "name": "windows-web-app29",
            "outbound_ip_address_list": [
              "104.209.41.151",
              "104.209.41.165",
              "104.209.41.168",
              "104.209.44.83",
              "104.209.45.203",
              "104.209.47.78",
              "40.112.243.58"
            ],
            "outbound_ip_addresses": "104.209.41.151,104.209.41.165,104.209.41.168,104.209.44.83,104.209.45.203,104.209.47.78,40.112.243.58",
            "possible_outbound_ip_address_list": [
              "104.209.41.151",
              "104.209.41.165",
              "104.209.41.168",
              "104.209.44.83",
              "104.209.45.203",
              "104.209.47.78",
              "137.135.42.1",
              "104.209.46.201",
              "104.40.21.234",
              "40.112.188.213",
              "104.40.10.162",
              "138.91.251.138",
              "138.91.249.214",
              "138.91.255.39",
              "157.56.166.112",
              "40.112.184.101",
              "137.135.40.61",
              "40.112.185.97",
              "40.112.185.109",
              "40.112.185.149",
              "104.40.5.128",
              "104.40.22.143",
              "137.135.42.194",
              "40.112.185.214",
              "40.112.185.227",
              "104.40.10.153",
              "40.118.208.171",
              "40.118.208.198",
              "137.135.55.98",
              "40.118.215.88",
              "40.112.243.58"
            ],
            "possible_outbound_ip_addresses": "104.209.41.151,104.209.41.165,104.209.41.168,104.209.44.83,104.209.45.203,104.209.47.78,137.135.42.1,104.209.46.201,104.40.21.234,40.112.188.213,104.40.10.162,138.91.251.138,138.91.249.214,138.91.255.39,157.56.166.112,40.112.184.101,137.135.40.61,40.112.185.97,40.112.185.109,40.112.185.149,104.40.5.128,104.40.22.143,137.135.42.194,40.112.185.214,40.112.185.227,104.40.10.153,40.118.208.171,40.118.208.198,137.135.55.98,40.118.215.88,40.112.243.58",
            "resource_group_name": "1-6dc8e9ef-playground-sandbox",
            "service_plan_id": "/subscriptions/80ea84e8-afce-4851-928a-9e2219724c69/resourceGroups/1-6dc8e9ef-playground-sandbox/providers/Microsoft.Web/serverfarms/appservice-plan",
            "site_config": [
              {
                "always_on": false,
                "api_definition_url": "",
                "api_management_api_id": "",
                "app_command_line": "",
                "application_stack": [
                  {
                    "current_stack": "dotnet",
                    "docker_container_name": "",
                    "docker_container_registry": "",
                    "docker_container_tag": "",
                    "dotnet_core_version": "",
                    "dotnet_version": "v6.0",
                    "java_container": "",
                    "java_container_version": "",
                    "java_embedded_server_enabled": false,
                    "java_version": "",
                    "node_version": "",
                    "php_version": "5.6",
                    "python": false,
                    "python_version": "",
                    "tomcat_version": ""
                  }
                ],
                "auto_heal_enabled": false,
                "auto_heal_setting": [],
                "container_registry_managed_identity_client_id": "",
                "container_registry_use_managed_identity": false,
                "cors": [],
                "default_documents": [
                  "Default.htm",
                  "Default.html",
                  "Default.asp",
                  "index.htm",
                  "index.html",
                  "iisstart.htm",
                  "default.aspx",
                  "index.php",
                  "hostingstart.html"
                ],
                "detailed_error_logging_enabled": false,
                "ftps_state": "Disabled",
                "health_check_eviction_time_in_min": 0,
                "health_check_path": "",
                "http2_enabled": false,
                "ip_restriction": [],
                "linux_fx_version": "",
                "load_balancing_mode": "LeastRequests",
                "local_mysql_enabled": false,
                "managed_pipeline_mode": "Integrated",
                "minimum_tls_version": "1.2",
                "remote_debugging_enabled": false,
                "remote_debugging_version": "VS2019",
                "scm_ip_restriction": [],
                "scm_minimum_tls_version": "1.2",
                "scm_type": "GitHubAction",
                "scm_use_main_ip_restriction": false,
                "use_32_bit_worker": true,
                "virtual_application": [],
                "vnet_route_all_enabled": false,
                "websockets_enabled": false,
                "windows_fx_version": "",
                "worker_count": 1
              }
            ],
            "site_credential": [
              {
                "name": "$windows-web-app29",
                "password": "o9Wpp8f0eKdiWz1dWEcmabbLfzhQ7HlSpxMkcrxsAaZhCujrEL5lR1lAuh2b"
              }
            ],
            "sticky_settings": [],
            "storage_account": [],
            "tags": {},
            "timeouts": null,
            "virtual_network_subnet_id": "",
            "zip_deploy_file": ""
          },
          "sensitive_attributes": [],
          "private": "eyJlMmJmYjczMC1lY2FhLTExZTYtOGY4OC0zNDM2M2JjN2M0YzAiOnsiY3JlYXRlIjoxODAwMDAwMDAwMDAwLCJkZWxldGUiOjE4MDAwMDAwMDAwMDAsInJlYWQiOjMwMDAwMDAwMDAwMCwidXBkYXRlIjoxODAwMDAwMDAwMDAwfX0=",
          "dependencies": [
            "azurerm_resource_group.resource1",
            "azurerm_service_plan.appserviceplan"
          ]
        }
      ]
    }
  ],
  "check_results": null
}
