{
  "version": 4,
  "terraform_version": "1.4.6",
  "serial": 8,
  "lineage": "da717abb-4f50-ca2c-b16e-3f9a0f421bc2",
  "outputs": {
    "weburl": {
      "value": "https://windows-web-app29.azurewebsites.net",
      "type": "string"
    }
  },
  "resources": [
    {
      "mode": "managed",
      "type": "azurerm_resource_group",
      "name": "resource1",
      "provider": "provider[\"registry.terraform.io/hashicorp/azurerm\"]",
      "instances": [
        {
          "schema_version": 0,
          "attributes": {
            "id": "/subscriptions/2213e8b1-dbc7-4d54-8aff-b5e315df5e5b/resourceGroups/1-74a7cb73-playground-sandbox",
            "location": "eastus",
            "name": "1-74a7cb73-playground-sandbox",
            "tags": {},
            "timeouts": null
          },
          "sensitive_attributes": [],
          "private": "eyJlMmJmYjczMC1lY2FhLTExZTYtOGY4OC0zNDM2M2JjN2M0YzAiOnsiY3JlYXRlIjo1NDAwMDAwMDAwMDAwLCJkZWxldGUiOjU0MDAwMDAwMDAwMDAsInJlYWQiOjMwMDAwMDAwMDAwMCwidXBkYXRlIjo1NDAwMDAwMDAwMDAwfSwic2NoZW1hX3ZlcnNpb24iOiIwIn0="
        }
      ]
    },
    {
      "mode": "managed",
      "type": "azurerm_service_plan",
      "name": "appserviceplan",
      "provider": "provider[\"registry.terraform.io/hashicorp/azurerm\"]",
      "instances": [
        {
          "schema_version": 0,
          "attributes": {
            "app_service_environment_id": "",
            "id": "/subscriptions/2213e8b1-dbc7-4d54-8aff-b5e315df5e5b/resourceGroups/1-74a7cb73-playground-sandbox/providers/Microsoft.Web/serverfarms/appservice-plan",
            "kind": "app",
            "location": "eastus",
            "maximum_elastic_worker_count": 1,
            "name": "appservice-plan",
            "os_type": "Windows",
            "per_site_scaling_enabled": false,
            "reserved": false,
            "resource_group_name": "1-74a7cb73-playground-sandbox",
            "sku_name": "F1",
            "tags": {},
            "timeouts": null,
            "worker_count": 0,
            "zone_balancing_enabled": false
          },
          "sensitive_attributes": [],
          "private": "eyJlMmJmYjczMC1lY2FhLTExZTYtOGY4OC0zNDM2M2JjN2M0YzAiOnsiY3JlYXRlIjozNjAwMDAwMDAwMDAwLCJkZWxldGUiOjM2MDAwMDAwMDAwMDAsInJlYWQiOjMwMDAwMDAwMDAwMCwidXBkYXRlIjozNjAwMDAwMDAwMDAwfX0=",
          "dependencies": [
            "azurerm_resource_group.resource1"
          ]
        }
      ]
    },
    {
      "mode": "managed",
      "type": "azurerm_windows_web_app",
      "name": "webapp",
      "provider": "provider[\"registry.terraform.io/hashicorp/azurerm\"]",
      "instances": [
        {
          "schema_version": 0,
          "attributes": {
            "app_settings": null,
            "auth_settings": [],
            "auth_settings_v2": [],
            "backup": [],
            "client_affinity_enabled": false,
            "client_certificate_enabled": false,
            "client_certificate_exclusion_paths": "",
            "client_certificate_mode": "Required",
            "connection_string": [],
            "custom_domain_verification_id": "C2EE92962AFAEB12A021E780F1FE249DDEC9E194D08E4B2531DC00CBDFBCE1C4",
            "default_hostname": "windows-web-app29.azurewebsites.net",
            "enabled": true,
            "hosting_environment_id": "",
            "https_only": false,
            "id": "/subscriptions/2213e8b1-dbc7-4d54-8aff-b5e315df5e5b/resourceGroups/1-74a7cb73-playground-sandbox/providers/Microsoft.Web/sites/windows-web-app29",
            "identity": [],
            "key_vault_reference_identity_id": "SystemAssigned",
            "kind": "app",
            "location": "eastus",
            "logs": [],
            "name": "windows-web-app29",
            "outbound_ip_address_list": [
              "20.185.73.100",
              "20.185.73.146",
              "20.185.73.251",
              "20.185.74.178",
              "20.185.75.186",
              "20.185.77.62",
              "20.119.16.36"
            ],
            "outbound_ip_addresses": "20.185.73.100,20.185.73.146,20.185.73.251,20.185.74.178,20.185.75.186,20.185.77.62,20.119.16.36",
            "possible_outbound_ip_address_list": [
              "20.185.73.100",
              "20.185.73.146",
              "20.185.73.251",
              "20.185.74.178",
              "20.185.75.186",
              "20.185.77.62",
              "20.185.77.112",
              "20.185.77.206",
              "20.185.78.35",
              "20.185.79.26",
              "20.185.79.59",
              "20.185.79.77",
              "20.185.79.81",
              "20.185.79.87",
              "20.185.79.95",
              "20.185.79.150",
              "20.185.79.165",
              "20.185.79.191",
              "20.185.79.230",
              "52.142.24.179",
              "52.142.25.90",
              "52.142.25.113",
              "52.142.25.218",
              "20.185.79.101",
              "52.142.26.120",
              "52.142.26.147",
              "52.142.26.254",
              "52.142.27.11",
              "52.142.27.69",
              "52.142.27.163",
              "20.119.16.36"
            ],
            "possible_outbound_ip_addresses": "20.185.73.100,20.185.73.146,20.185.73.251,20.185.74.178,20.185.75.186,20.185.77.62,20.185.77.112,20.185.77.206,20.185.78.35,20.185.79.26,20.185.79.59,20.185.79.77,20.185.79.81,20.185.79.87,20.185.79.95,20.185.79.150,20.185.79.165,20.185.79.191,20.185.79.230,52.142.24.179,52.142.25.90,52.142.25.113,52.142.25.218,20.185.79.101,52.142.26.120,52.142.26.147,52.142.26.254,52.142.27.11,52.142.27.69,52.142.27.163,20.119.16.36",
            "resource_group_name": "1-74a7cb73-playground-sandbox",
            "service_plan_id": "/subscriptions/2213e8b1-dbc7-4d54-8aff-b5e315df5e5b/resourceGroups/1-74a7cb73-playground-sandbox/providers/Microsoft.Web/serverfarms/appservice-plan",
            "site_config": [
              {
                "always_on": false,
                "api_definition_url": "",
                "api_management_api_id": "",
                "app_command_line": "",
                "application_stack": [
                  {
                    "current_stack": "",
                    "docker_container_name": "",
                    "docker_container_registry": "",
                    "docker_container_tag": "",
                    "dotnet_core_version": "",
                    "dotnet_version": "",
                    "java_container": "",
                    "java_container_version": "",
                    "java_embedded_server_enabled": false,
                    "java_version": "",
                    "node_version": "",
                    "php_version": "5.6",
                    "python": false,
                    "python_version": "",
                    "tomcat_version": ""
                  }
                ],
                "auto_heal_enabled": false,
                "auto_heal_setting": [],
                "container_registry_managed_identity_client_id": "",
                "container_registry_use_managed_identity": false,
                "cors": [],
                "default_documents": [
                  "Default.htm",
                  "Default.html",
                  "Default.asp",
                  "index.htm",
                  "index.html",
                  "iisstart.htm",
                  "default.aspx",
                  "index.php",
                  "hostingstart.html"
                ],
                "detailed_error_logging_enabled": false,
                "ftps_state": "Disabled",
                "health_check_eviction_time_in_min": 0,
                "health_check_path": "",
                "http2_enabled": false,
                "ip_restriction": [],
                "linux_fx_version": "",
                "load_balancing_mode": "LeastRequests",
                "local_mysql_enabled": false,
                "managed_pipeline_mode": "Integrated",
                "minimum_tls_version": "1.2",
                "remote_debugging_enabled": false,
                "remote_debugging_version": "VS2019",
                "scm_ip_restriction": [],
                "scm_minimum_tls_version": "1.2",
                "scm_type": "None",
                "scm_use_main_ip_restriction": false,
                "use_32_bit_worker": true,
                "virtual_application": [],
                "vnet_route_all_enabled": false,
                "websockets_enabled": false,
                "windows_fx_version": "",
                "worker_count": 1
              }
            ],
            "site_credential": [
              {
                "name": "$windows-web-app29",
                "password": "GXYsRduRJ3MZ9h7vd6ZButdG5ge8n1tRlgkc6233Jve1nZX3ndi1Fe4Kw4lx"
              }
            ],
            "sticky_settings": [],
            "storage_account": [],
            "tags": null,
            "timeouts": null,
            "virtual_network_subnet_id": "",
            "zip_deploy_file": ""
          },
          "sensitive_attributes": [],
          "private": "eyJlMmJmYjczMC1lY2FhLTExZTYtOGY4OC0zNDM2M2JjN2M0YzAiOnsiY3JlYXRlIjoxODAwMDAwMDAwMDAwLCJkZWxldGUiOjE4MDAwMDAwMDAwMDAsInJlYWQiOjMwMDAwMDAwMDAwMCwidXBkYXRlIjoxODAwMDAwMDAwMDAwfX0=",
          "dependencies": [
            "azurerm_resource_group.resource1",
            "azurerm_service_plan.appserviceplan"
          ]
        }
      ]
    }
  ],
  "check_results": null
}
